
Microsoft Visual Studio Solution File, Format Version 12.00
# Visual Studio Version 16
VisualStudioVersion = 16.0.30717.126
MinimumVisualStudioVersion = 10.0.40219.1
Project("{2150E333-8FDC-42A3-9474-1A3956D46DE8}") = "01 - OnboardingSIGDB1.Api", "01 - OnboardingSIGDB1.Api", "{F8E4A3BB-3EF4-4F4B-A06A-3CC92C3DCC0E}"
EndProject
Project("{2150E333-8FDC-42A3-9474-1A3956D46DE8}") = "02 - OnboardingSIGDB1.Domain", "02 - OnboardingSIGDB1.Domain", "{C7484257-7B70-4E8D-A75E-FDC8B2495D49}"
EndProject
Project("{2150E333-8FDC-42A3-9474-1A3956D46DE8}") = "03 - OnboardingSIGDB1.Infra", "03 - OnboardingSIGDB1.Infra", "{6CC20D05-D5AC-4289-88C5-2E3ABF8B1068}"
EndProject
Project("{2150E333-8FDC-42A3-9474-1A3956D46DE8}") = "03.1 - OnboardingSIGDB1.Data", "03.1 - OnboardingSIGDB1.Data", "{65D5663C-D0D4-491A-BEB6-83FA34684282}"
EndProject
Project("{2150E333-8FDC-42A3-9474-1A3956D46DE8}") = "03.2 - OnboardingSIGDB1.IOC", "03.2 - OnboardingSIGDB1.IOC", "{5EE27B6F-39A4-4EAD-977B-5F6436277E7F}"
EndProject
Project("{2150E333-8FDC-42A3-9474-1A3956D46DE8}") = "04 - OnboardingSIGDB1.Test", "04 - OnboardingSIGDB1.Test", "{33BDC3D8-6A70-47F2-8667-6F0E4B021E68}"
EndProject
Project("{FAE04EC0-301F-11D3-BF4B-00C04F79EFBC}") = "OnboardingSIGDB1.Api", "OnboardingSIGDB1.Api\OnboardingSIGDB1.Api.csproj", "{1544D372-C3F6-414F-851F-81E02B5ABBE2}"
EndProject
Project("{FAE04EC0-301F-11D3-BF4B-00C04F79EFBC}") = "OnboardingSIGDB1.Domain", "OnboardingSIGDB1.Domain\OnboardingSIGDB1.Domain.csproj", "{F6C7FB43-8D10-4750-8B94-63899904E92D}"
EndProject
Project("{FAE04EC0-301F-11D3-BF4B-00C04F79EFBC}") = "OnboardingSIGDB1.Data", "OnboardingSIGDB1.Data\OnboardingSIGDB1.Data.csproj", "{8E8D3D2D-B3AC-4615-8EDD-F572D8D5DC10}"
EndProject
Project("{FAE04EC0-301F-11D3-BF4B-00C04F79EFBC}") = "OnboardingSIGDB1.IOC", "OnboardingSIGDB1.IOC\OnboardingSIGDB1.IOC.csproj", "{D3FA5E01-2A30-4E83-A9FB-F46B80236980}"
EndProject
Project("{FAE04EC0-301F-11D3-BF4B-00C04F79EFBC}") = "OnboardingSIGDB1.Domain.Test", "OnboardingSIGDB1.Domain.Test\OnboardingSIGDB1.Domain.Test.csproj", "{9BD21F71-6B0F-4AC8-BB38-D251C8B73F84}"
EndProject
Global
	GlobalSection(SolutionConfigurationPlatforms) = preSolution
		Debug|Any CPU = Debug|Any CPU
		Release|Any CPU = Release|Any CPU
	EndGlobalSection
	GlobalSection(ProjectConfigurationPlatforms) = postSolution
		{1544D372-C3F6-414F-851F-81E02B5ABBE2}.Debug|Any CPU.ActiveCfg = Debug|Any CPU
		{1544D372-C3F6-414F-851F-81E02B5ABBE2}.Debug|Any CPU.Build.0 = Debug|Any CPU
		{1544D372-C3F6-414F-851F-81E02B5ABBE2}.Release|Any CPU.ActiveCfg = Release|Any CPU
		{1544D372-C3F6-414F-851F-81E02B5ABBE2}.Release|Any CPU.Build.0 = Release|Any CPU
		{F6C7FB43-8D10-4750-8B94-63899904E92D}.Debug|Any CPU.ActiveCfg = Debug|Any CPU
		{F6C7FB43-8D10-4750-8B94-63899904E92D}.Debug|Any CPU.Build.0 = Debug|Any CPU
		{F6C7FB43-8D10-4750-8B94-63899904E92D}.Release|Any CPU.ActiveCfg = Release|Any CPU
		{F6C7FB43-8D10-4750-8B94-63899904E92D}.Release|Any CPU.Build.0 = Release|Any CPU
		{8E8D3D2D-B3AC-4615-8EDD-F572D8D5DC10}.Debug|Any CPU.ActiveCfg = Debug|Any CPU
		{8E8D3D2D-B3AC-4615-8EDD-F572D8D5DC10}.Debug|Any CPU.Build.0 = Debug|Any CPU
		{8E8D3D2D-B3AC-4615-8EDD-F572D8D5DC10}.Release|Any CPU.ActiveCfg = Release|Any CPU
		{8E8D3D2D-B3AC-4615-8EDD-F572D8D5DC10}.Release|Any CPU.Build.0 = Release|Any CPU
		{D3FA5E01-2A30-4E83-A9FB-F46B80236980}.Debug|Any CPU.ActiveCfg = Debug|Any CPU
		{D3FA5E01-2A30-4E83-A9FB-F46B80236980}.Debug|Any CPU.Build.0 = Debug|Any CPU
		{D3FA5E01-2A30-4E83-A9FB-F46B80236980}.Release|Any CPU.ActiveCfg = Release|Any CPU
		{D3FA5E01-2A30-4E83-A9FB-F46B80236980}.Release|Any CPU.Build.0 = Release|Any CPU
		{9BD21F71-6B0F-4AC8-BB38-D251C8B73F84}.Debug|Any CPU.ActiveCfg = Debug|Any CPU
		{9BD21F71-6B0F-4AC8-BB38-D251C8B73F84}.Debug|Any CPU.Build.0 = Debug|Any CPU
		{9BD21F71-6B0F-4AC8-BB38-D251C8B73F84}.Release|Any CPU.ActiveCfg = Release|Any CPU
		{9BD21F71-6B0F-4AC8-BB38-D251C8B73F84}.Release|Any CPU.Build.0 = Release|Any CPU
	EndGlobalSection
	GlobalSection(SolutionProperties) = preSolution
		HideSolutionNode = FALSE
	EndGlobalSection
	GlobalSection(NestedProjects) = preSolution
		{65D5663C-D0D4-491A-BEB6-83FA34684282} = {6CC20D05-D5AC-4289-88C5-2E3ABF8B1068}
		{5EE27B6F-39A4-4EAD-977B-5F6436277E7F} = {6CC20D05-D5AC-4289-88C5-2E3ABF8B1068}
		{1544D372-C3F6-414F-851F-81E02B5ABBE2} = {F8E4A3BB-3EF4-4F4B-A06A-3CC92C3DCC0E}
		{F6C7FB43-8D10-4750-8B94-63899904E92D} = {C7484257-7B70-4E8D-A75E-FDC8B2495D49}
		{8E8D3D2D-B3AC-4615-8EDD-F572D8D5DC10} = {65D5663C-D0D4-491A-BEB6-83FA34684282}
		{D3FA5E01-2A30-4E83-A9FB-F46B80236980} = {5EE27B6F-39A4-4EAD-977B-5F6436277E7F}
		{9BD21F71-6B0F-4AC8-BB38-D251C8B73F84} = {33BDC3D8-6A70-47F2-8667-6F0E4B021E68}
	EndGlobalSection
	GlobalSection(ExtensibilityGlobals) = postSolution
		SolutionGuid = {82247050-C6C9-4667-8AF7-A9AF263ACDD7}
	EndGlobalSection
EndGlobal
